
Microsoft Visual Studio Solution File, Format Version 12.00
# Visual Studio Version 17
VisualStudioVersion = 17.0.32014.148
MinimumVisualStudioVersion = 10.0.40219.1
Project("{8BC9CEB8-8B4A-11D0-8D11-00A0C91BC942}") = "AES_2021_12_27", "AES_2021_12_27\AES_2021_12_27.vcxproj", "{A68A874C-A25C-49C2-9EC4-6E012E4A2EAA}"
EndProject
Global
	GlobalSection(SolutionConfigurationPlatforms) = preSolution
		Debug|x64 = Debug|x64
		Debug|x86 = Debug|x86
		Release|x64 = Release|x64
		Release|x86 = Release|x86
	EndGlobalSection
	GlobalSection(ProjectConfigurationPlatforms) = postSolution
		{A68A874C-A25C-49C2-9EC4-6E012E4A2EAA}.Debug|x64.ActiveCfg = Debug|x64
		{A68A874C-A25C-49C2-9EC4-6E012E4A2EAA}.Debug|x64.Build.0 = Debug|x64
		{A68A874C-A25C-49C2-9EC4-6E012E4A2EAA}.Debug|x86.ActiveCfg = Debug|Win32
		{A68A874C-A25C-49C2-9EC4-6E012E4A2EAA}.Debug|x86.Build.0 = Debug|Win32
		{A68A874C-A25C-49C2-9EC4-6E012E4A2EAA}.Release|x64.ActiveCfg = Release|x64
		{A68A874C-A25C-49C2-9EC4-6E012E4A2EAA}.Release|x64.Build.0 = Release|x64
		{A68A874C-A25C-49C2-9EC4-6E012E4A2EAA}.Release|x86.ActiveCfg = Release|Win32
		{A68A874C-A25C-49C2-9EC4-6E012E4A2EAA}.Release|x86.Build.0 = Release|Win32
	EndGlobalSection
	GlobalSection(SolutionProperties) = preSolution
		HideSolutionNode = FALSE
	EndGlobalSection
	GlobalSection(ExtensibilityGlobals) = postSolution
		SolutionGuid = {4A2F14FC-5A10-4715-BF17-AE357C281BD7}
	EndGlobalSection
EndGlobal
